
Microsoft Visual Studio Solution File, Format Version 12.00
# Visual Studio Version 17
VisualStudioVersion = 17.5.33414.496
MinimumVisualStudioVersion = 10.0.40219.1
Project("{FAE04EC0-301F-11D3-BF4B-00C04F79EFBC}") = "Library Mangement System", "Library Mangement System\Library Mangement System.csproj", "{EA0FF4DA-CD5E-4F7F-BC45-3CD687879BAE}"
EndProject
Global
	GlobalSection(SolutionConfigurationPlatforms) = preSolution
		Debug|Any CPU = Debug|Any CPU
		Release|Any CPU = Release|Any CPU
	EndGlobalSection
	GlobalSection(ProjectConfigurationPlatforms) = postSolution
		{EA0FF4DA-CD5E-4F7F-BC45-3CD687879BAE}.Debug|Any CPU.ActiveCfg = Debug|Any CPU
		{EA0FF4DA-CD5E-4F7F-BC45-3CD687879BAE}.Debug|Any CPU.Build.0 = Debug|Any CPU
		{EA0FF4DA-CD5E-4F7F-BC45-3CD687879BAE}.Release|Any CPU.ActiveCfg = Release|Any CPU
		{EA0FF4DA-CD5E-4F7F-BC45-3CD687879BAE}.Release|Any CPU.Build.0 = Release|Any CPU
	EndGlobalSection
	GlobalSection(SolutionProperties) = preSolution
		HideSolutionNode = FALSE
	EndGlobalSection
	GlobalSection(ExtensibilityGlobals) = postSolution
		SolutionGuid = {EBC7FCC7-FF03-48B8-9D8C-99BD0E715321}
	EndGlobalSection
EndGlobal
